
Microsoft Visual Studio Solution File, Format Version 12.00
# Visual Studio 2013
VisualStudioVersion = 12.0.0.0
MinimumVisualStudioVersion = 10.0.0.1
Project("{FAE04EC0-301F-11D3-BF4B-00C04F79EFBC}") = "PuzzlerA1", "PuzzlerA1\PuzzlerA1.csproj", "{0AAD6BDB-8770-4D1C-BDD9-13849B58E5B9}"
EndProject
Project("{FAE04EC0-301F-11D3-BF4B-00C04F79EFBC}") = "PuzzlerA2", "PuzzlerA2\PuzzlerA2.csproj", "{15CF169D-4DBD-45DC-919C-D0D635C80791}"
EndProject
Project("{FAE04EC0-301F-11D3-BF4B-00C04F79EFBC}") = "PuzzlerA3", "PuzzlerA3\PuzzlerA3.csproj", "{7100893E-0225-470F-8304-4DF5EF241E23}"
EndProject
Project("{FAE04EC0-301F-11D3-BF4B-00C04F79EFBC}") = "PuzzlerA4", "PuzzlerA4\PuzzlerA4.csproj", "{FC10760B-C1A5-4DBD-B01E-EE5864028C3C}"
EndProject
Project("{FAE04EC0-301F-11D3-BF4B-00C04F79EFBC}") = "PuzzlerA5", "PuzzlerA5\PuzzlerA5.csproj", "{4D208461-987E-4625-B758-6432D0A5F893}"
EndProject
Project("{FAE04EC0-301F-11D3-BF4B-00C04F79EFBC}") = "PuzzlerA6", "PuzzlerA6\PuzzlerA6.csproj", "{1A4CCBD6-5420-471D-B5D0-A2BAF3ABC730}"
EndProject
Project("{FAE04EC0-301F-11D3-BF4B-00C04F79EFBC}") = "PuzzlerA7", "PuzzlerA7\PuzzlerA7.csproj", "{05B4E30A-BD85-4FA6-A494-921FA48C8726}"
EndProject
Project("{FAE04EC0-301F-11D3-BF4B-00C04F79EFBC}") = "PuzzlerA8", "PuzzlerA8\PuzzlerA8.csproj", "{E1F1D799-CCB9-4D35-850D-0F7AEBD0343F}"
EndProject
Project("{FAE04EC0-301F-11D3-BF4B-00C04F79EFBC}") = "PuzzlerA8.1", "PuzzlerA8.1\PuzzlerA8.1.csproj", "{D340F259-5C34-46FB-BF23-A5F9101D6583}"
EndProject
Project("{FAE04EC0-301F-11D3-BF4B-00C04F79EFBC}") = "PuzzlerA9", "PuzzlerA9\PuzzlerA9.csproj", "{4754E7D5-A109-475A-B1FA-5EFEA8A0C2CD}"
EndProject
Project("{FAE04EC0-301F-11D3-BF4B-00C04F79EFBC}") = "PuzzlerB1", "PuzzlerB1\PuzzlerB1.csproj", "{E2C19687-0C25-4529-989F-40FDFC466E42}"
EndProject
Project("{FAE04EC0-301F-11D3-BF4B-00C04F79EFBC}") = "PuzzlerB2", "PuzzlerB2\PuzzlerB2.csproj", "{C2CAED86-B168-4AAB-8D01-B02748178BAA}"
EndProject
Project("{FAE04EC0-301F-11D3-BF4B-00C04F79EFBC}") = "PuzzlerB3", "PuzzlerB3\PuzzlerB3.csproj", "{7D5E9ED7-F1E1-4D4A-B373-A920035C780E}"
EndProject
Project("{FAE04EC0-301F-11D3-BF4B-00C04F79EFBC}") = "PuzzlerB4", "PuzzlerB4\PuzzlerB4.csproj", "{8CABF802-AD97-4BCF-A2A8-615B078BA67C}"
EndProject
Project("{FAE04EC0-301F-11D3-BF4B-00C04F79EFBC}") = "PuzzlerB5", "PuzzlerB5\PuzzlerB5.csproj", "{A5FF47E8-842D-4795-9DF0-85E0C95B962F}"
EndProject
Project("{FAE04EC0-301F-11D3-BF4B-00C04F79EFBC}") = "PuzzlerB6", "PuzzlerB6\PuzzlerB6.csproj", "{0CE34B22-302A-420D-BC58-404337CADFDB}"
EndProject
Project("{FAE04EC0-301F-11D3-BF4B-00C04F79EFBC}") = "PuzzlerB7", "PuzzlerB7\PuzzlerB7.csproj", "{72034063-44DF-41B6-8F1A-446B6289E2EB}"
EndProject
Project("{FAE04EC0-301F-11D3-BF4B-00C04F79EFBC}") = "PuzzlerClassic", "PuzzlerClassic\PuzzlerClassic.csproj", "{C076DAB6-6EF4-4726-848E-F41713B096AA}"
EndProject
Project("{FAE04EC0-301F-11D3-BF4B-00C04F79EFBC}") = "PuzzlerA0", "PuzzlerA0\PuzzlerA0.csproj", "{9C93ED57-C458-4C3B-B869-F5182FB20905}"
EndProject
Project("{FAE04EC0-301F-11D3-BF4B-00C04F79EFBC}") = "PuzzlerB8", "PuzzlerB8\PuzzlerB8.csproj", "{C09565A2-4EE1-453B-B3A1-FCDB3F57B226}"
EndProject
Global
	GlobalSection(SolutionConfigurationPlatforms) = preSolution
		Debug|Any CPU = Debug|Any CPU
		Release|Any CPU = Release|Any CPU
	EndGlobalSection
	GlobalSection(ProjectConfigurationPlatforms) = postSolution
		{0AAD6BDB-8770-4D1C-BDD9-13849B58E5B9}.Debug|Any CPU.ActiveCfg = Debug|Any CPU
		{0AAD6BDB-8770-4D1C-BDD9-13849B58E5B9}.Debug|Any CPU.Build.0 = Debug|Any CPU
		{0AAD6BDB-8770-4D1C-BDD9-13849B58E5B9}.Release|Any CPU.ActiveCfg = Release|Any CPU
		{0AAD6BDB-8770-4D1C-BDD9-13849B58E5B9}.Release|Any CPU.Build.0 = Release|Any CPU
		{15CF169D-4DBD-45DC-919C-D0D635C80791}.Debug|Any CPU.ActiveCfg = Debug|Any CPU
		{15CF169D-4DBD-45DC-919C-D0D635C80791}.Debug|Any CPU.Build.0 = Debug|Any CPU
		{15CF169D-4DBD-45DC-919C-D0D635C80791}.Release|Any CPU.ActiveCfg = Release|Any CPU
		{15CF169D-4DBD-45DC-919C-D0D635C80791}.Release|Any CPU.Build.0 = Release|Any CPU
		{7100893E-0225-470F-8304-4DF5EF241E23}.Debug|Any CPU.ActiveCfg = Debug|Any CPU
		{7100893E-0225-470F-8304-4DF5EF241E23}.Debug|Any CPU.Build.0 = Debug|Any CPU
		{7100893E-0225-470F-8304-4DF5EF241E23}.Release|Any CPU.ActiveCfg = Release|Any CPU
		{7100893E-0225-470F-8304-4DF5EF241E23}.Release|Any CPU.Build.0 = Release|Any CPU
		{FC10760B-C1A5-4DBD-B01E-EE5864028C3C}.Release|Any CPU.ActiveCfg = Release|Any CPU
		{FC10760B-C1A5-4DBD-B01E-EE5864028C3C}.Release|Any CPU.Build.0 = Release|Any CPU
		{FC10760B-C1A5-4DBD-B01E-EE5864028C3C}.Debug|Any CPU.ActiveCfg = Debug|Any CPU
		{FC10760B-C1A5-4DBD-B01E-EE5864028C3C}.Debug|Any CPU.Build.0 = Debug|Any CPU
		{4D208461-987E-4625-B758-6432D0A5F893}.Debug|Any CPU.ActiveCfg = Debug|Any CPU
		{4D208461-987E-4625-B758-6432D0A5F893}.Debug|Any CPU.Build.0 = Debug|Any CPU
		{4D208461-987E-4625-B758-6432D0A5F893}.Release|Any CPU.ActiveCfg = Release|Any CPU
		{4D208461-987E-4625-B758-6432D0A5F893}.Release|Any CPU.Build.0 = Release|Any CPU
		{1A4CCBD6-5420-471D-B5D0-A2BAF3ABC730}.Debug|Any CPU.ActiveCfg = Debug|Any CPU
		{1A4CCBD6-5420-471D-B5D0-A2BAF3ABC730}.Debug|Any CPU.Build.0 = Debug|Any CPU
		{1A4CCBD6-5420-471D-B5D0-A2BAF3ABC730}.Release|Any CPU.ActiveCfg = Release|Any CPU
		{1A4CCBD6-5420-471D-B5D0-A2BAF3ABC730}.Release|Any CPU.Build.0 = Release|Any CPU
		{05B4E30A-BD85-4FA6-A494-921FA48C8726}.Debug|Any CPU.ActiveCfg = Debug|Any CPU
		{05B4E30A-BD85-4FA6-A494-921FA48C8726}.Debug|Any CPU.Build.0 = Debug|Any CPU
		{05B4E30A-BD85-4FA6-A494-921FA48C8726}.Release|Any CPU.ActiveCfg = Release|Any CPU
		{05B4E30A-BD85-4FA6-A494-921FA48C8726}.Release|Any CPU.Build.0 = Release|Any CPU
		{E1F1D799-CCB9-4D35-850D-0F7AEBD0343F}.Debug|Any CPU.ActiveCfg = Debug|Any CPU
		{E1F1D799-CCB9-4D35-850D-0F7AEBD0343F}.Debug|Any CPU.Build.0 = Debug|Any CPU
		{E1F1D799-CCB9-4D35-850D-0F7AEBD0343F}.Release|Any CPU.ActiveCfg = Release|Any CPU
		{E1F1D799-CCB9-4D35-850D-0F7AEBD0343F}.Release|Any CPU.Build.0 = Release|Any CPU
		{D340F259-5C34-46FB-BF23-A5F9101D6583}.Debug|Any CPU.ActiveCfg = Debug|Any CPU
		{D340F259-5C34-46FB-BF23-A5F9101D6583}.Debug|Any CPU.Build.0 = Debug|Any CPU
		{D340F259-5C34-46FB-BF23-A5F9101D6583}.Release|Any CPU.ActiveCfg = Release|Any CPU
		{D340F259-5C34-46FB-BF23-A5F9101D6583}.Release|Any CPU.Build.0 = Release|Any CPU
		{4754E7D5-A109-475A-B1FA-5EFEA8A0C2CD}.Debug|Any CPU.ActiveCfg = Debug|Any CPU
		{4754E7D5-A109-475A-B1FA-5EFEA8A0C2CD}.Debug|Any CPU.Build.0 = Debug|Any CPU
		{4754E7D5-A109-475A-B1FA-5EFEA8A0C2CD}.Release|Any CPU.ActiveCfg = Release|Any CPU
		{4754E7D5-A109-475A-B1FA-5EFEA8A0C2CD}.Release|Any CPU.Build.0 = Release|Any CPU
		{E2C19687-0C25-4529-989F-40FDFC466E42}.Debug|Any CPU.ActiveCfg = Debug|Any CPU
		{E2C19687-0C25-4529-989F-40FDFC466E42}.Debug|Any CPU.Build.0 = Debug|Any CPU
		{E2C19687-0C25-4529-989F-40FDFC466E42}.Release|Any CPU.ActiveCfg = Release|Any CPU
		{E2C19687-0C25-4529-989F-40FDFC466E42}.Release|Any CPU.Build.0 = Release|Any CPU
		{C2CAED86-B168-4AAB-8D01-B02748178BAA}.Debug|Any CPU.ActiveCfg = Debug|Any CPU
		{C2CAED86-B168-4AAB-8D01-B02748178BAA}.Debug|Any CPU.Build.0 = Debug|Any CPU
		{C2CAED86-B168-4AAB-8D01-B02748178BAA}.Release|Any CPU.ActiveCfg = Release|Any CPU
		{C2CAED86-B168-4AAB-8D01-B02748178BAA}.Release|Any CPU.Build.0 = Release|Any CPU
		{7D5E9ED7-F1E1-4D4A-B373-A920035C780E}.Debug|Any CPU.ActiveCfg = Debug|Any CPU
		{7D5E9ED7-F1E1-4D4A-B373-A920035C780E}.Debug|Any CPU.Build.0 = Debug|Any CPU
		{7D5E9ED7-F1E1-4D4A-B373-A920035C780E}.Release|Any CPU.ActiveCfg = Release|Any CPU
		{7D5E9ED7-F1E1-4D4A-B373-A920035C780E}.Release|Any CPU.Build.0 = Release|Any CPU
		{8CABF802-AD97-4BCF-A2A8-615B078BA67C}.Debug|Any CPU.ActiveCfg = Debug|Any CPU
		{8CABF802-AD97-4BCF-A2A8-615B078BA67C}.Debug|Any CPU.Build.0 = Debug|Any CPU
		{8CABF802-AD97-4BCF-A2A8-615B078BA67C}.Release|Any CPU.ActiveCfg = Release|Any CPU
		{8CABF802-AD97-4BCF-A2A8-615B078BA67C}.Release|Any CPU.Build.0 = Release|Any CPU
		{A5FF47E8-842D-4795-9DF0-85E0C95B962F}.Debug|Any CPU.ActiveCfg = Debug|Any CPU
		{A5FF47E8-842D-4795-9DF0-85E0C95B962F}.Debug|Any CPU.Build.0 = Debug|Any CPU
		{A5FF47E8-842D-4795-9DF0-85E0C95B962F}.Release|Any CPU.ActiveCfg = Release|Any CPU
		{A5FF47E8-842D-4795-9DF0-85E0C95B962F}.Release|Any CPU.Build.0 = Release|Any CPU
		{0CE34B22-302A-420D-BC58-404337CADFDB}.Debug|Any CPU.ActiveCfg = Debug|Any CPU
		{0CE34B22-302A-420D-BC58-404337CADFDB}.Debug|Any CPU.Build.0 = Debug|Any CPU
		{0CE34B22-302A-420D-BC58-404337CADFDB}.Release|Any CPU.ActiveCfg = Release|Any CPU
		{0CE34B22-302A-420D-BC58-404337CADFDB}.Release|Any CPU.Build.0 = Release|Any CPU
		{72034063-44DF-41B6-8F1A-446B6289E2EB}.Debug|Any CPU.ActiveCfg = Debug|Any CPU
		{72034063-44DF-41B6-8F1A-446B6289E2EB}.Debug|Any CPU.Build.0 = Debug|Any CPU
		{72034063-44DF-41B6-8F1A-446B6289E2EB}.Release|Any CPU.ActiveCfg = Release|Any CPU
		{72034063-44DF-41B6-8F1A-446B6289E2EB}.Release|Any CPU.Build.0 = Release|Any CPU
		{C076DAB6-6EF4-4726-848E-F41713B096AA}.Debug|Any CPU.ActiveCfg = Debug|Any CPU
		{C076DAB6-6EF4-4726-848E-F41713B096AA}.Debug|Any CPU.Build.0 = Debug|Any CPU
		{C076DAB6-6EF4-4726-848E-F41713B096AA}.Release|Any CPU.ActiveCfg = Release|Any CPU
		{C076DAB6-6EF4-4726-848E-F41713B096AA}.Release|Any CPU.Build.0 = Release|Any CPU
		{9C93ED57-C458-4C3B-B869-F5182FB20905}.Debug|Any CPU.ActiveCfg = Debug|Any CPU
		{9C93ED57-C458-4C3B-B869-F5182FB20905}.Debug|Any CPU.Build.0 = Debug|Any CPU
		{9C93ED57-C458-4C3B-B869-F5182FB20905}.Release|Any CPU.ActiveCfg = Release|Any CPU
		{9C93ED57-C458-4C3B-B869-F5182FB20905}.Release|Any CPU.Build.0 = Release|Any CPU
		{C09565A2-4EE1-453B-B3A1-FCDB3F57B226}.Debug|Any CPU.ActiveCfg = Debug|Any CPU
		{C09565A2-4EE1-453B-B3A1-FCDB3F57B226}.Debug|Any CPU.Build.0 = Debug|Any CPU
		{C09565A2-4EE1-453B-B3A1-FCDB3F57B226}.Release|Any CPU.ActiveCfg = Release|Any CPU
		{C09565A2-4EE1-453B-B3A1-FCDB3F57B226}.Release|Any CPU.Build.0 = Release|Any CPU
	EndGlobalSection
	GlobalSection(SolutionProperties) = preSolution
		HideSolutionNode = FALSE
	EndGlobalSection
EndGlobal
